{
  "projects": [
    {
      "projectId": "28Ba3BDvRe7EiWdfFNnLB6",
      "version": "2.16.0",
      "dependencies": {},
      "lang": "ts",
      "fileLocks": [
        {
          "assetId": "28Ba3BDvRe7EiWdfFNnLB6",
          "type": "projectCss",
          "checksum": "a1f5ba12fa0c91cb7921873e485c08d2"
        }
      ],
      "codegenVersion": "0.0.1"
    },
    {
      "projectId": "caTPwKxj5ZrD9LQ7DMdK4Z",
      "version": "3.14.0",
      "dependencies": {},
      "lang": "ts",
      "fileLocks": [
        {
          "assetId": "caTPwKxj5ZrD9LQ7DMdK4Z",
          "type": "projectCss",
          "checksum": "5ec17907b444e5bfe21e4e6d853dfb8b"
        }
      ],
      "codegenVersion": "0.0.1"
    },
    {
      "projectId": "7nJ7UcFmq9UzB6eXfC5z4a",
      "version": "0.11.0",
      "dependencies": {},
      "lang": "ts",
      "fileLocks": [
        {
          "assetId": "7nJ7UcFmq9UzB6eXfC5z4a",
          "type": "projectCss",
          "checksum": "10294d56dbcf17babdcfdb66788b10ea"
        }
      ],
      "codegenVersion": "0.0.1"
    },
    {
      "projectId": "kmmGrmCVRJPgZ5NNJMDQ4v",
      "version": "0.11.0",
      "dependencies": {},
      "lang": "ts",
      "fileLocks": [
        {
          "assetId": "kmmGrmCVRJPgZ5NNJMDQ4v",
          "type": "projectCss",
          "checksum": "1f2a9c19a5923679efba63ee862ebbc4"
        },
        {
          "assetId": "kmmGrmCVRJPgZ5NNJMDQ4v",
          "checksum": "6f481a4d31f5b4ae5e42a82231055e5d",
          "type": "globalContexts"
        }
      ],
      "codegenVersion": "0.0.1"
    },
    {
      "projectId": "hjKYmYi6HMwK6TRyk7ew5R",
      "version": "6.14.0",
      "dependencies": {},
      "lang": "ts",
      "fileLocks": [
        {
          "assetId": "hjKYmYi6HMwK6TRyk7ew5R",
          "type": "projectCss",
          "checksum": "b13deb4c3cdd2f5cb5b345dd63d08f8a"
        },
        {
          "assetId": "hjKYmYi6HMwK6TRyk7ew5R",
          "checksum": "812fdf26bc85a5e0d100a76859d3ee26",
          "type": "globalContexts"
        }
      ],
      "codegenVersion": "0.0.1"
    },
    {
      "projectId": "YUiM7yqBWAqsh8KSnrdj7",
      "version": "0.13.0",
      "dependencies": {},
      "lang": "ts",
      "fileLocks": [
        {
          "assetId": "YUiM7yqBWAqsh8KSnrdj7",
          "type": "projectCss",
          "checksum": "23aedad45d353dcd22c39e7d6389db3b"
        }
      ],
      "codegenVersion": "0.0.1"
    },
    {
      "projectId": "jZt38kveZDTpkrHTcXsHEY",
      "version": "latest",
      "dependencies": {
        "YUiM7yqBWAqsh8KSnrdj7": "0.13.0",
        "hjKYmYi6HMwK6TRyk7ew5R": "6.14.0",
        "kmmGrmCVRJPgZ5NNJMDQ4v": "0.11.0",
        "7nJ7UcFmq9UzB6eXfC5z4a": "0.11.0",
        "caTPwKxj5ZrD9LQ7DMdK4Z": "3.14.0",
        "28Ba3BDvRe7EiWdfFNnLB6": "2.16.0"
      },
      "lang": "ts",
      "fileLocks": [
        {
          "type": "globalVariant",
          "assetId": "3_a-pUwNdKvYE3",
          "checksum": "cd5d5ce52ce83071be3b9c760b7b6cf7"
        },
        {
          "assetId": "jZt38kveZDTpkrHTcXsHEY",
          "checksum": "c7d8304ecd263cf02b4b11666f141a89",
          "type": "globalContexts"
        },
        {
          "type": "renderModule",
          "assetId": "fnYSMSgM0N-4b",
          "checksum": "4d914901033a578f80fb4bfc220e0fa9"
        },
        {
          "type": "cssRules",
          "assetId": "fnYSMSgM0N-4b",
          "checksum": "4d914901033a578f80fb4bfc220e0fa9"
        },
        {
          "type": "renderModule",
          "assetId": "cTSOzRzGXMakC",
          "checksum": "0aada2d47664835e5b28fcdf20a134e2"
        },
        {
          "type": "cssRules",
          "assetId": "cTSOzRzGXMakC",
          "checksum": "0aada2d47664835e5b28fcdf20a134e2"
        },
        {
          "type": "renderModule",
          "assetId": "4NWXD2pEvmG1B",
          "checksum": "7995fea27e401778f66b55dfedf7e3df"
        },
        {
          "type": "cssRules",
          "assetId": "4NWXD2pEvmG1B",
          "checksum": "7995fea27e401778f66b55dfedf7e3df"
        },
        {
          "type": "renderModule",
          "assetId": "Ve4sDIjEEOvc94",
          "checksum": "8910d62883ec18b1df72fa36cdfd3915"
        },
        {
          "type": "cssRules",
          "assetId": "Ve4sDIjEEOvc94",
          "checksum": "8910d62883ec18b1df72fa36cdfd3915"
        },
        {
          "type": "renderModule",
          "assetId": "MY7phSFb7pAI4y",
          "checksum": "d8510a52010b04d80864f2f1a8ae1aaf"
        },
        {
          "type": "cssRules",
          "assetId": "MY7phSFb7pAI4y",
          "checksum": "d8510a52010b04d80864f2f1a8ae1aaf"
        },
        {
          "type": "renderModule",
          "assetId": "Qsmc7rZ4njupIO",
          "checksum": "c3b97bb2ac404fdf2182275f6f1904f1"
        },
        {
          "type": "cssRules",
          "assetId": "Qsmc7rZ4njupIO",
          "checksum": "c3b97bb2ac404fdf2182275f6f1904f1"
        },
        {
          "type": "renderModule",
          "assetId": "jnzoYAJAeIEEcY",
          "checksum": "413a65bf530b19405d154abde355d8bc"
        },
        {
          "type": "cssRules",
          "assetId": "jnzoYAJAeIEEcY",
          "checksum": "413a65bf530b19405d154abde355d8bc"
        },
        {
          "type": "renderModule",
          "assetId": "cAuqX6OMLfDtrB",
          "checksum": "29f2de6da63ad3a3f323b30d89530b88"
        },
        {
          "type": "cssRules",
          "assetId": "cAuqX6OMLfDtrB",
          "checksum": "29f2de6da63ad3a3f323b30d89530b88"
        },
        {
          "type": "renderModule",
          "assetId": "AhQc91uxvTPIfV",
          "checksum": "82eed2f48dbf22a164ddc0775397cbfd"
        },
        {
          "type": "cssRules",
          "assetId": "AhQc91uxvTPIfV",
          "checksum": "82eed2f48dbf22a164ddc0775397cbfd"
        },
        {
          "type": "renderModule",
          "assetId": "0uzM-tPk2-uw_c",
          "checksum": "5803b93158d9d32659e6d3d9f70246b2"
        },
        {
          "type": "cssRules",
          "assetId": "0uzM-tPk2-uw_c",
          "checksum": "5803b93158d9d32659e6d3d9f70246b2"
        },
        {
          "type": "renderModule",
          "assetId": "Vjbbl6nYeyZGaS",
          "checksum": "dae40183416fe4fc96418b737a7bb29f"
        },
        {
          "type": "cssRules",
          "assetId": "Vjbbl6nYeyZGaS",
          "checksum": "dae40183416fe4fc96418b737a7bb29f"
        },
        {
          "type": "renderModule",
          "assetId": "RQ9xjyMahGMjxP",
          "checksum": "6c82194973931295ecbe994d35236193"
        },
        {
          "type": "cssRules",
          "assetId": "RQ9xjyMahGMjxP",
          "checksum": "6c82194973931295ecbe994d35236193"
        },
        {
          "type": "renderModule",
          "assetId": "t0aIBfhdPpHEyC",
          "checksum": "cea96038e8c3edddce63c7cde98253b0"
        },
        {
          "type": "cssRules",
          "assetId": "t0aIBfhdPpHEyC",
          "checksum": "cea96038e8c3edddce63c7cde98253b0"
        },
        {
          "type": "renderModule",
          "assetId": "vA1Wg9x_sh5TE2",
          "checksum": "fdfbe7f8cb6bbff29893bedda9180914"
        },
        {
          "type": "cssRules",
          "assetId": "vA1Wg9x_sh5TE2",
          "checksum": "fdfbe7f8cb6bbff29893bedda9180914"
        },
        {
          "type": "renderModule",
          "assetId": "MzQ_uHTWm_TQyz",
          "checksum": "caa536c6d981dfad891ee5f462f85269"
        },
        {
          "type": "cssRules",
          "assetId": "MzQ_uHTWm_TQyz",
          "checksum": "caa536c6d981dfad891ee5f462f85269"
        },
        {
          "type": "renderModule",
          "assetId": "IfOzLkHETww2DF",
          "checksum": "0a14a61934f63a173ad21e34ed1eae33"
        },
        {
          "type": "cssRules",
          "assetId": "IfOzLkHETww2DF",
          "checksum": "0a14a61934f63a173ad21e34ed1eae33"
        },
        {
          "type": "renderModule",
          "assetId": "JCbX6MIXruPyTt",
          "checksum": "f313ca82c75975e48c1e2a22e2bf1422"
        },
        {
          "type": "cssRules",
          "assetId": "JCbX6MIXruPyTt",
          "checksum": "f313ca82c75975e48c1e2a22e2bf1422"
        },
        {
          "type": "renderModule",
          "assetId": "QGBJ8SdBbLTIK2",
          "checksum": "3a8a2a84f85756b686d080cc3c5e4461"
        },
        {
          "type": "cssRules",
          "assetId": "QGBJ8SdBbLTIK2",
          "checksum": "3a8a2a84f85756b686d080cc3c5e4461"
        },
        {
          "type": "renderModule",
          "assetId": "RznZKSot1HpXUU",
          "checksum": "f34fc480f6808d31b997edf2b59b9090"
        },
        {
          "type": "cssRules",
          "assetId": "RznZKSot1HpXUU",
          "checksum": "f34fc480f6808d31b997edf2b59b9090"
        },
        {
          "type": "renderModule",
          "assetId": "2-0saNBo-p5-YQ",
          "checksum": "1875a301f1524881c54b14a7e914a375"
        },
        {
          "type": "cssRules",
          "assetId": "2-0saNBo-p5-YQ",
          "checksum": "1875a301f1524881c54b14a7e914a375"
        },
        {
          "type": "renderModule",
          "assetId": "HNZZMyh_SIY",
          "checksum": "0c51913eb75b5b9c9139509e8c81a054"
        },
        {
          "type": "cssRules",
          "assetId": "HNZZMyh_SIY",
          "checksum": "0c51913eb75b5b9c9139509e8c81a054"
        },
        {
          "type": "renderModule",
          "assetId": "QmMqdEdB6kN",
          "checksum": "200a5fb2a743a59298422b176da590f9"
        },
        {
          "type": "cssRules",
          "assetId": "QmMqdEdB6kN",
          "checksum": "200a5fb2a743a59298422b176da590f9"
        },
        {
          "type": "renderModule",
          "assetId": "8b4YSgiSrDT",
          "checksum": "e74ca5099969f11461b1c57d451b429a"
        },
        {
          "type": "cssRules",
          "assetId": "8b4YSgiSrDT",
          "checksum": "e74ca5099969f11461b1c57d451b429a"
        },
        {
          "type": "renderModule",
          "assetId": "a3iss0n-QK3",
          "checksum": "df61f86928aedbaa4d97eaf439d76214"
        },
        {
          "type": "cssRules",
          "assetId": "a3iss0n-QK3",
          "checksum": "df61f86928aedbaa4d97eaf439d76214"
        },
        {
          "type": "renderModule",
          "assetId": "bxCIKUv7NT2",
          "checksum": "df4a466ab5f76d80c3166ece6080b038"
        },
        {
          "type": "cssRules",
          "assetId": "bxCIKUv7NT2",
          "checksum": "df4a466ab5f76d80c3166ece6080b038"
        },
        {
          "type": "renderModule",
          "assetId": "gUgdkjxqH6J",
          "checksum": "76795c97d17141a40615d888946696ab"
        },
        {
          "type": "cssRules",
          "assetId": "gUgdkjxqH6J",
          "checksum": "76795c97d17141a40615d888946696ab"
        },
        {
          "type": "renderModule",
          "assetId": "0MQZrqdGygx",
          "checksum": "7f66ddfe7976385d7ccd998a9808dba2"
        },
        {
          "type": "cssRules",
          "assetId": "0MQZrqdGygx",
          "checksum": "7f66ddfe7976385d7ccd998a9808dba2"
        },
        {
          "type": "icon",
          "assetId": "zKtqwJB2qCy6ei",
          "checksum": "0e0645da39976483c2ad39370b3d28a4"
        },
        {
          "type": "icon",
          "assetId": "Bmp7kjUTJa049a",
          "checksum": "cf3b34b2878631a6a5f0a1ab760ce794"
        },
        {
          "type": "icon",
          "assetId": "_m_oDbXiMHnKcu",
          "checksum": "420e6fd387d35c54665c154dd9d2da18"
        },
        {
          "type": "icon",
          "assetId": "dOTqPo2p776eAm",
          "checksum": "44a481fc92c7171b9e48415a13907e0d"
        },
        {
          "type": "icon",
          "assetId": "uW9W1UklmtCQHm",
          "checksum": "d45c5f5ac7f71419649d754b2ea23406"
        },
        {
          "type": "icon",
          "assetId": "xNij0I64sLKV13",
          "checksum": "88a94f2fdaaf30931cf9a004c4d2971c"
        },
        {
          "type": "icon",
          "assetId": "Qlag8HuBMZ29rX",
          "checksum": "477c014edb2112331d362a02140f9a16"
        },
        {
          "type": "icon",
          "assetId": "88ssO2GAl1ZgZH",
          "checksum": "9cbcebe69173f8f457b614b5f1c1f7a0"
        },
        {
          "type": "icon",
          "assetId": "SYJq7cUuGjBLml",
          "checksum": "66f1bb8c38515e915667a688a3d65356"
        },
        {
          "type": "icon",
          "assetId": "4cnj63UMNRyhNR",
          "checksum": "6e6f557b2c33d94ac31ae6d4b9a34718"
        },
        {
          "type": "icon",
          "assetId": "MAtly6BM0z_sCU",
          "checksum": "77a22fb4bc50bfd9932ce605ffa589c7"
        },
        {
          "type": "image",
          "assetId": "zt3UPrr3t1OLfU",
          "checksum": "38b8bc3aaf97d8b58eae1a07b4559106"
        },
        {
          "type": "image",
          "assetId": "RpgLm8wwCwFMgk",
          "checksum": "b98cb56d838e51ddc0e9ce757d696356"
        },
        {
          "type": "image",
          "assetId": "qtE1Gi5Pr1dpMG",
          "checksum": "21374408ba33112163d63183fb962f10"
        },
        {
          "type": "image",
          "assetId": "LfRC0u6ImUGm9O",
          "checksum": "7c0679f52b9391df32801c611586fa3a"
        },
        {
          "type": "image",
          "assetId": "ec3pTww_NoOlTe",
          "checksum": "72617b94cf33037bb18ad705d80f4650"
        },
        {
          "type": "image",
          "assetId": "Xc1oy-yD2eE5pX",
          "checksum": "b2764c47cc3c463bcfb3c4213cb9a6ee"
        },
        {
          "type": "image",
          "assetId": "GVeZ5Ac6ekXYGd",
          "checksum": "04a29617a8e895409e1f1547eee447ed"
        },
        {
          "type": "image",
          "assetId": "IVMzZulAKj93a9",
          "checksum": "ba0cd9b9886018eb26be4654d303b9c3"
        },
        {
          "type": "image",
          "assetId": "NUEfctPi93u8xm",
          "checksum": "8d8fbd79a70c24152b13f60ab0fe0205"
        },
        {
          "type": "image",
          "assetId": "h5vkuk_Zmibjal",
          "checksum": "c18cafedfef9129fa174cdc3903f3807"
        },
        {
          "type": "image",
          "assetId": "e8AYjZEpsvmtxj",
          "checksum": "c8f077e2a84053fc29f2c06bb2f0d2eb"
        },
        {
          "type": "image",
          "assetId": "hg8GbjzUHMJE2h",
          "checksum": "d8963bb4fbec039e9c770b37bfcc6d48"
        },
        {
          "type": "image",
          "assetId": "RYDTecqSOzt-3F",
          "checksum": "2ab9970cddad1ffc550c74597db9ea44"
        },
        {
          "type": "image",
          "assetId": "Bhga0LQf-w13H1",
          "checksum": "9be9366a10f7d5945d9b96e8bbfcee9f"
        },
        {
          "type": "image",
          "assetId": "CtanmYiRL1b8dt",
          "checksum": "6592df5239f47e84aa680769579a721b"
        },
        {
          "type": "image",
          "assetId": "9m1FpHU0C1XOPD",
          "checksum": "1e06b76d4de6bf284e86f3db2b5efb41"
        },
        {
          "type": "image",
          "assetId": "Af8Kgq7asu4CAH",
          "checksum": "c33bf507b508726e62325fe0eb44e7a0"
        },
        {
          "type": "image",
          "assetId": "vGNuzVUdRznCgL",
          "checksum": "b840a3dedec2a73bdb509c7da4972c33"
        },
        {
          "type": "image",
          "assetId": "17H43H-K9QE5_W",
          "checksum": "8b8c83057b9937532d55ae6588670075"
        },
        {
          "type": "image",
          "assetId": "0DaZTmgsDf8qwm",
          "checksum": "ffd11c0d701fa5ba70f2c859b750fbd0"
        },
        {
          "type": "image",
          "assetId": "7hQBT5Ev_9kfV6",
          "checksum": "c46b6d0ef28e53a70194dc92193aa9f9"
        },
        {
          "type": "image",
          "assetId": "rMpJtd8ABFnn-J",
          "checksum": "81320757136d1cfc30c1c755ff0cab53"
        },
        {
          "type": "image",
          "assetId": "UFHzn-nh3Hzw2N",
          "checksum": "5683863bf57910b821d510daf8263ebb"
        },
        {
          "type": "image",
          "assetId": "jzfWlLbhZibZc4",
          "checksum": "94b4a79c72d38d1b0c2da5f7cf38b8d3"
        },
        {
          "type": "image",
          "assetId": "2gvU79iosh6QeX",
          "checksum": "64a12e116022dff85163ca154151dda6"
        },
        {
          "type": "image",
          "assetId": "CvxWoagzm6s4T9",
          "checksum": "70f376756526566791b7703411a42479"
        },
        {
          "type": "image",
          "assetId": "mTdm35R_2DjQiQ",
          "checksum": "fc35aaedf257fbf2ee5cfbc499f6729e"
        },
        {
          "type": "image",
          "assetId": "gZlg86w0VpTb3r",
          "checksum": "66041bba4fc055b56457a729ddd0a4d4"
        },
        {
          "type": "image",
          "assetId": "LuxNw4g_-p0rwK",
          "checksum": "6512737b3321e0a14c53b9445538f1d5"
        },
        {
          "type": "image",
          "assetId": "IYsO0XH-q2BJJE",
          "checksum": "292747e0be8ea93652cb7be2a927a173"
        },
        {
          "type": "image",
          "assetId": "MEKhPY_Mys8UBR",
          "checksum": "2ac3b519fa83be60bfeee64760ff2b6b"
        },
        {
          "type": "image",
          "assetId": "lG5pnqqoIyIxKY",
          "checksum": "5503aff322d8bef521928b2980e22c20"
        },
        {
          "type": "image",
          "assetId": "JlXaPE4WJluRyz",
          "checksum": "0bc21129536613e0b1aa30b1acb84ec2"
        },
        {
          "type": "image",
          "assetId": "Kbh7fArSVJvxNT",
          "checksum": "8519f28666541f71d08394b6bc7425f4"
        },
        {
          "type": "image",
          "assetId": "y16KUtGTAnTYzq",
          "checksum": "2e18fdb017e99579989ace6630b3a4c6"
        },
        {
          "type": "image",
          "assetId": "G7m5PGTGjCZO9k",
          "checksum": "ab973d46699a7a0395488b60b52370c3"
        },
        {
          "type": "image",
          "assetId": "TxYTJh66_hq_wh",
          "checksum": "275af09b993faed17a72ebf82de73bf4"
        },
        {
          "type": "image",
          "assetId": "lYPrYUEVUd8M4x",
          "checksum": "9d9c85c6a4a9d436af9118d9ff49a249"
        },
        {
          "type": "image",
          "assetId": "X878KyngsfUwLK",
          "checksum": "e6909ab58d112c780ab9cdd9b89788ea"
        },
        {
          "type": "image",
          "assetId": "MUFo0X-JeYjGbV",
          "checksum": "4d4bd7e3fb7ac5b4b870173b9fb1e83c"
        },
        {
          "type": "image",
          "assetId": "jrFBTc_6vTVx9g",
          "checksum": "ce019f8870088366640956c5b17b99f5"
        },
        {
          "type": "image",
          "assetId": "bA5B6_Lc53rsWn",
          "checksum": "05d69fec5e076a8dceed7354866cc00c"
        },
        {
          "type": "image",
          "assetId": "Qs_xRpsAk44TrG",
          "checksum": "e299a2c2aede7bc9bb46d156fdaff34f"
        },
        {
          "type": "image",
          "assetId": "dKCG1HjwLckBna",
          "checksum": "c3fcaa6eb600cf54c224ef6a1cbd5571"
        },
        {
          "type": "image",
          "assetId": "mEY6UnkewOMeKW",
          "checksum": "823aa1c9a920ecaf48776ce52064578a"
        },
        {
          "type": "image",
          "assetId": "54JyYRq0vWNTQJ",
          "checksum": "0fe93a77a9d73589c7969aed68390af5"
        },
        {
          "type": "image",
          "assetId": "th4VneQ--u5Psf",
          "checksum": "2caa1f0d001f63995c9a1da2abc8b740"
        },
        {
          "type": "image",
          "assetId": "hg5amEgVwo-Jkh",
          "checksum": "3e899541492381dc2b5346959b11760f"
        },
        {
          "type": "image",
          "assetId": "_xktuj8p1bUT-M",
          "checksum": "cb4888eb1daf9a68584438c16ea18430"
        },
        {
          "type": "image",
          "assetId": "e1lgh782GjcBH5",
          "checksum": "8d3dfc9b607b5ced347a6059ff1669eb"
        },
        {
          "type": "image",
          "assetId": "MImVIWGCuuoij9",
          "checksum": "6f4f94f537ec083a70b33499f4dc68ae"
        },
        {
          "type": "image",
          "assetId": "s5HwYXit4IbvCA",
          "checksum": "0676512e733de6d9540e49aac7ad6da8"
        },
        {
          "type": "image",
          "assetId": "lyuHMVNH41wX02",
          "checksum": "0281d50ccd511c0b65c0213389287120"
        },
        {
          "type": "image",
          "assetId": "ynqfGnwY5yBzsQ",
          "checksum": "f53fcf53ed612574666536abac04c6a5"
        },
        {
          "type": "image",
          "assetId": "pXV0dcpQ-cDzfE",
          "checksum": "2838c5c3fc73e8d2b7e211cd9f19b20f"
        },
        {
          "type": "image",
          "assetId": "nq4w_-WPZG8wsP",
          "checksum": "c571b11ec23aad336b3bbd06a3a8bfdb"
        },
        {
          "type": "image",
          "assetId": "fu7O9kHqkw_aal",
          "checksum": "74392aa7b0c4b4b7bf88350be8d05d49"
        },
        {
          "type": "image",
          "assetId": "CH-qPCFzrx1QX2",
          "checksum": "fc67c54b4d783cc0bd6451f54c3577d3"
        },
        {
          "type": "image",
          "assetId": "wGNnShMx0wAcnH",
          "checksum": "49c3715109218c13eaaf1186c30af677"
        },
        {
          "type": "image",
          "assetId": "-l1W-DT9EIHNF_",
          "checksum": "8e1640b3452f05a4ff85851a4a599cd2"
        },
        {
          "type": "image",
          "assetId": "p_PqHqnfIzcF7P",
          "checksum": "91de4e715ca16281e2f09d2a95aaf2b2"
        },
        {
          "type": "image",
          "assetId": "mLPwNZF2MHagXS",
          "checksum": "0bbc013c46ee4cebc9e4bdd493679d0a"
        },
        {
          "type": "image",
          "assetId": "PCUVLLL0ICaCb2",
          "checksum": "4480c70446b50a80d680702a5f42b978"
        },
        {
          "type": "image",
          "assetId": "cTyD1L5l7mq3Ig",
          "checksum": "46c9081b0442c2f457adccff29f6b2c7"
        },
        {
          "type": "image",
          "assetId": "1m9wzfEy-pK64f",
          "checksum": "5ff9785d4c4a5f7aedf98e10b5107413"
        },
        {
          "type": "image",
          "assetId": "J0iycQ5j29oHIB",
          "checksum": "4494e10aff02b9463454c85260e17b40"
        },
        {
          "type": "image",
          "assetId": "pNA2J0XsU7zTMg",
          "checksum": "16f8b85be118d9b0e5173f7324a7a689"
        },
        {
          "type": "image",
          "assetId": "GjZWAYErEisERF",
          "checksum": "e0abc461c60e42e44aad40cd62486339"
        },
        {
          "type": "image",
          "assetId": "uzD8OxFeR7QU_l",
          "checksum": "26b7832374f3a9ac898b2e5930571aee"
        },
        {
          "type": "image",
          "assetId": "75_-fXQNI5hIHG",
          "checksum": "e2c1cd5788bae4803b38eb57ce78cadb"
        },
        {
          "type": "image",
          "assetId": "FBEHNaqfM33EWt",
          "checksum": "c851ad3e9fe6a7b968d537e806d1752c"
        },
        {
          "type": "image",
          "assetId": "TKfi3LKwX4yOvg",
          "checksum": "4778664007fe6473c828453a8ac245de"
        },
        {
          "type": "image",
          "assetId": "Hoj-N3pN8Fas9g",
          "checksum": "e9731e9d8e9303ca36d65908186b73ee"
        },
        {
          "type": "image",
          "assetId": "Bw265TELLofS08",
          "checksum": "b8faa269354617657df76666f2f45b73"
        },
        {
          "type": "image",
          "assetId": "ie8ydPM96lGoWl",
          "checksum": "39fe95ba9f2f97507addd84bad4789ff"
        },
        {
          "type": "image",
          "assetId": "JSezD1MmFGXo-S",
          "checksum": "7f5a110ea83b667667d0edf1a1db2812"
        },
        {
          "type": "image",
          "assetId": "s1mKYizQf2pJ-B",
          "checksum": "648291f2dc28451174d29eb8eeb4831a"
        },
        {
          "type": "image",
          "assetId": "6SO_jra6hwDUEs",
          "checksum": "909cf01975e25e11cb2fa36b42fc033c"
        },
        {
          "type": "image",
          "assetId": "JBWPyrP4ZWc2Ff",
          "checksum": "36a5890d907fa9a6f6d4ca7a51b4f012"
        },
        {
          "type": "image",
          "assetId": "ca1pPnO2F6WA7b",
          "checksum": "5061fc3a6e50997830920fdf6e8eb8a3"
        },
        {
          "type": "image",
          "assetId": "TBTxckKIOsdrwE",
          "checksum": "fb896cca3c2f88a800d0a9b8bc8aa312"
        },
        {
          "type": "image",
          "assetId": "fzDOijecsFeRkr",
          "checksum": "fdb7b451704d127d63cc0ad1023702d2"
        },
        {
          "type": "image",
          "assetId": "XmgWdHckpJ-JI9",
          "checksum": "fe90e62308c4050741a8616ba83799c6"
        },
        {
          "type": "image",
          "assetId": "mgizOBLaVK-jsY",
          "checksum": "154052b11f997282d086fb0839072841"
        },
        {
          "type": "image",
          "assetId": "8fNIjAWt9PKWzz",
          "checksum": "9cc2a7041482d45997b0330c149471ca"
        },
        {
          "type": "image",
          "assetId": "jfwRZYWjw8xJZo",
          "checksum": "ae4d3ed9e41d176453a3d8154302a1a3"
        },
        {
          "type": "image",
          "assetId": "7VKAgh7A2tcqUe",
          "checksum": "bb23527a599b24d49368957d199ccaad"
        },
        {
          "type": "renderModule",
          "assetId": "Y9OKSrzwzMn",
          "checksum": "c7cdf7011dc45ff83037ec62148f1cf5"
        },
        {
          "type": "cssRules",
          "assetId": "Y9OKSrzwzMn",
          "checksum": "c7cdf7011dc45ff83037ec62148f1cf5"
        },
        {
          "type": "renderModule",
          "assetId": "wRl1XV3riTI",
          "checksum": "89a3803646b7f461d869aee9c59639a4"
        },
        {
          "type": "cssRules",
          "assetId": "wRl1XV3riTI",
          "checksum": "89a3803646b7f461d869aee9c59639a4"
        },
        {
          "type": "renderModule",
          "assetId": "9Pza3R-tisl",
          "checksum": "6178fd0b6122617e2799a70508b05335"
        },
        {
          "type": "cssRules",
          "assetId": "9Pza3R-tisl",
          "checksum": "6178fd0b6122617e2799a70508b05335"
        },
        {
          "type": "image",
          "assetId": "FE0V05o8S",
          "checksum": "24e6f5bb1f5defcf58dacf5fafea6ea8"
        },
        {
          "type": "image",
          "assetId": "AJCC8Kw3yJ",
          "checksum": "ac05903ba212a7d8d24745120b09fe07"
        },
        {
          "type": "image",
          "assetId": "jxXWtxMBKw",
          "checksum": "bd9b6396e94bece0cf37a64a555909c5"
        },
        {
          "type": "renderModule",
          "assetId": "NjkZCwt4tTB9",
          "checksum": "b4b9bcc4e799d06cd9bf0a4ec972d55c"
        },
        {
          "type": "cssRules",
          "assetId": "NjkZCwt4tTB9",
          "checksum": "b4b9bcc4e799d06cd9bf0a4ec972d55c"
        },
        {
          "type": "renderModule",
          "assetId": "ua8dnxfWqYM",
          "checksum": "b0de24d50c1915e1757767a0c8a93c47"
        },
        {
          "type": "cssRules",
          "assetId": "ua8dnxfWqYM",
          "checksum": "b0de24d50c1915e1757767a0c8a93c47"
        },
        {
          "type": "image",
          "assetId": "wC74JVF3m",
          "checksum": "c93606c5530a7a7d67c2d098f1dfb7f3"
        },
        {
          "type": "image",
          "assetId": "DkK7vsi4V",
          "checksum": "d7ecc4295213341a021c505aba3a1a0d"
        },
        {
          "type": "image",
          "assetId": "YVwA-maac",
          "checksum": "4017e413b9ba397c4190ca1498cef104"
        },
        {
          "type": "renderModule",
          "assetId": "1wHq-n7bvWLi",
          "checksum": "c356ef3db2c86eab440988414bf8f384"
        },
        {
          "type": "cssRules",
          "assetId": "1wHq-n7bvWLi",
          "checksum": "c356ef3db2c86eab440988414bf8f384"
        },
        {
          "type": "renderModule",
          "assetId": "PfkD9KizcRK5",
          "checksum": "da8dea31ac72091973f628a45875a431"
        },
        {
          "type": "cssRules",
          "assetId": "PfkD9KizcRK5",
          "checksum": "da8dea31ac72091973f628a45875a431"
        },
        {
          "type": "renderModule",
          "assetId": "epiRd4VV1SXb",
          "checksum": "aaf778cd6968435e0031b735fbf98ed7"
        },
        {
          "type": "cssRules",
          "assetId": "epiRd4VV1SXb",
          "checksum": "aaf778cd6968435e0031b735fbf98ed7"
        },
        {
          "assetId": "jZt38kveZDTpkrHTcXsHEY",
          "type": "projectCss",
          "checksum": "9145d3d03554c870526a7a147d5f9139"
        }
      ],
      "codegenVersion": "0.0.1"
    }
  ],
  "cliVersion": "0.1.248"
}
